
Microsoft Visual Studio Solution File, Format Version 12.00
# Visual Studio Version 17
VisualStudioVersion = 17.6.33829.357
MinimumVisualStudioVersion = 10.0.40219.1
Project("{FAE04EC0-301F-11D3-BF4B-00C04F79EFBC}") = "MajicVilla.VillaAPI", "MajicVilla.VillaAPI\MajicVilla.VillaAPI.csproj", "{DF30D82A-8C1D-40A5-ACC7-8819BB68B54B}"
EndProject
Global
	GlobalSection(SolutionConfigurationPlatforms) = preSolution
		Debug|Any CPU = Debug|Any CPU
		Release|Any CPU = Release|Any CPU
	EndGlobalSection
	GlobalSection(ProjectConfigurationPlatforms) = postSolution
		{DF30D82A-8C1D-40A5-ACC7-8819BB68B54B}.Debug|Any CPU.ActiveCfg = Debug|Any CPU
		{DF30D82A-8C1D-40A5-ACC7-8819BB68B54B}.Debug|Any CPU.Build.0 = Debug|Any CPU
		{DF30D82A-8C1D-40A5-ACC7-8819BB68B54B}.Release|Any CPU.ActiveCfg = Release|Any CPU
		{DF30D82A-8C1D-40A5-ACC7-8819BB68B54B}.Release|Any CPU.Build.0 = Release|Any CPU
	EndGlobalSection
	GlobalSection(SolutionProperties) = preSolution
		HideSolutionNode = FALSE
	EndGlobalSection
	GlobalSection(ExtensibilityGlobals) = postSolution
		SolutionGuid = {F9EA89AE-1865-4461-949F-7C9C7C8F3048}
	EndGlobalSection
EndGlobal
